
Microsoft Visual Studio Solution File, Format Version 12.00
# Visual Studio Version 16
VisualStudioVersion = 16.0.31112.23
MinimumVisualStudioVersion = 10.0.40219.1
Project("{9A19103F-16F7-4668-BE54-9A1E7A4F7556}") = "Serial.Server", "Serial.Server\Serial.Server.csproj", "{AEE86AFF-3BAA-4707-8F0C-47FA90A7262B}"
EndProject
Global
	GlobalSection(SolutionConfigurationPlatforms) = preSolution
		Debug|Any CPU = Debug|Any CPU
		Release|Any CPU = Release|Any CPU
	EndGlobalSection
	GlobalSection(ProjectConfigurationPlatforms) = postSolution
		{AEE86AFF-3BAA-4707-8F0C-47FA90A7262B}.Debug|Any CPU.ActiveCfg = Debug|Any CPU
		{AEE86AFF-3BAA-4707-8F0C-47FA90A7262B}.Debug|Any CPU.Build.0 = Debug|Any CPU
		{AEE86AFF-3BAA-4707-8F0C-47FA90A7262B}.Release|Any CPU.ActiveCfg = Release|Any CPU
		{AEE86AFF-3BAA-4707-8F0C-47FA90A7262B}.Release|Any CPU.Build.0 = Release|Any CPU
	EndGlobalSection
	GlobalSection(SolutionProperties) = preSolution
		HideSolutionNode = FALSE
	EndGlobalSection
	GlobalSection(ExtensibilityGlobals) = postSolution
		SolutionGuid = {1E9FD85C-8808-4EAE-907A-20E213614A7F}
	EndGlobalSection
EndGlobal
